// !$*UTF8*$!
{
	archiveVersion = 1;
	classes = {
	};
	objectVersion = 55;
	objects = {

/* Begin PBXBuildFile section */
		3B2461FC28EF9438000E62EE /* trafficLightApp.swift in Sources */ = {isa = PBXBuildFile; fileRef = 3B2461EC28EF9435000E62EE /* trafficLightApp.swift */; };
		3B2461FD28EF9438000E62EE /* trafficLightApp.swift in Sources */ = {isa = PBXBuildFile; fileRef = 3B2461EC28EF9435000E62EE /* trafficLightApp.swift */; };
		3B2461FE28EF9438000E62EE /* ContentView.swift in Sources */ = {isa = PBXBuildFile; fileRef = 3B2461ED28EF9435000E62EE /* ContentView.swift */; };
		3B2461FF28EF9438000E62EE /* ContentView.swift in Sources */ = {isa = PBXBuildFile; fileRef = 3B2461ED28EF9435000E62EE /* ContentView.swift */; };
		3B24620028EF9438000E62EE /* Assets.xcassets in Resources */ = {isa = PBXBuildFile; fileRef = 3B2461EE28EF9438000E62EE /* Assets.xcassets */; };
		3B24620128EF9438000E62EE /* Assets.xcassets in Resources */ = {isa = PBXBuildFile; fileRef = 3B2461EE28EF9438000E62EE /* Assets.xcassets */; };
		3B24620B28EF96BD000E62EE /* YellowScreen.swift in Sources */ = {isa = PBXBuildFile; fileRef = 3B24620A28EF96BD000E62EE /* YellowScreen.swift */; };
		3B24620C28EF96BD000E62EE /* YellowScreen.swift in Sources */ = {isa = PBXBuildFile; fileRef = 3B24620A28EF96BD000E62EE /* YellowScreen.swift */; };
		3B24620E28EF96D2000E62EE /* RedScreen.swift in Sources */ = {isa = PBXBuildFile; fileRef = 3B24620D28EF96D2000E62EE /* RedScreen.swift */; };
		3B24620F28EF96D2000E62EE /* RedScreen.swift in Sources */ = {isa = PBXBuildFile; fileRef = 3B24620D28EF96D2000E62EE /* RedScreen.swift */; };
/* End PBXBuildFile section */

/* Begin PBXFileReference section */
		3B2461EC28EF9435000E62EE /* trafficLightApp.swift */ = {isa = PBXFileReference; lastKnownFileType = sourcecode.swift; path = trafficLightApp.swift; sourceTree = "<group>"; };
		3B2461ED28EF9435000E62EE /* ContentView.swift */ = {isa = PBXFileReference; lastKnownFileType = sourcecode.swift; path = ContentView.swift; sourceTree = "<group>"; };
		3B2461EE28EF9438000E62EE /* Assets.xcassets */ = {isa = PBXFileReference; lastKnownFileType = folder.assetcatalog; path = Assets.xcassets; sourceTree = "<group>"; };
		3B2461F328EF9438000E62EE /* trafficLight.app */ = {isa = PBXFileReference; explicitFileType = wrapper.application; includeInIndex = 0; path = trafficLight.app; sourceTree = BUILT_PRODUCTS_DIR; };
		3B2461F928EF9438000E62EE /* trafficLight.app */ = {isa = PBXFileReference; explicitFileType = wrapper.application; includeInIndex = 0; path = trafficLight.app; sourceTree = BUILT_PRODUCTS_DIR; };
		3B2461FB28EF9438000E62EE /* macOS.entitlements */ = {isa = PBXFileReference; lastKnownFileType = text.plist.entitlements; path = macOS.entitlements; sourceTree = "<group>"; };
		3B24620A28EF96BD000E62EE /* YellowScreen.swift */ = {isa = PBXFileReference; lastKnownFileType = sourcecode.swift; path = YellowScreen.swift; sourceTree = "<group>"; };
		3B24620D28EF96D2000E62EE /* RedScreen.swift */ = {isa = PBXFileReference; lastKnownFileType = sourcecode.swift; path = RedScreen.swift; sourceTree = "<group>"; };
/* End PBXFileReference section */

/* Begin PBXFrameworksBuildPhase section */
		3B2461F028EF9438000E62EE /* Frameworks */ = {
			isa = PBXFrameworksBuildPhase;
			buildActionMask = 2147483647;
			files = (
			);
			runOnlyForDeploymentPostprocessing = 0;
		};
		3B2461F628EF9438000E62EE /* Frameworks */ = {
			isa = PBXFrameworksBuildPhase;
			buildActionMask = 2147483647;
			files = (
			);
			runOnlyForDeploymentPostprocessing = 0;
		};
/* End PBXFrameworksBuildPhase section */

/* Begin PBXGroup section */
		3B2461E628EF9435000E62EE = {
			isa = PBXGroup;
			children = (
				3B2461EB28EF9435000E62EE /* Shared */,
				3B2461FA28EF9438000E62EE /* macOS */,
				3B2461F428EF9438000E62EE /* Products */,
			);
			sourceTree = "<group>";
		};
		3B2461EB28EF9435000E62EE /* Shared */ = {
			isa = PBXGroup;
			children = (
				3B2461EC28EF9435000E62EE /* trafficLightApp.swift */,
				3B2461ED28EF9435000E62EE /* ContentView.swift */,
				3B24620A28EF96BD000E62EE /* YellowScreen.swift */,
				3B24620D28EF96D2000E62EE /* RedScreen.swift */,
				3B2461EE28EF9438000E62EE /* Assets.xcassets */,
			);
			path = Shared;
			sourceTree = "<group>";
		};
		3B2461F428EF9438000E62EE /* Products */ = {
			isa = PBXGroup;
			children = (
				3B2461F328EF9438000E62EE /* trafficLight.app */,
				3B2461F928EF9438000E62EE /* trafficLight.app */,
			);
			name = Products;
			sourceTree = "<group>";
		};
		3B2461FA28EF9438000E62EE /* macOS */ = {
			isa = PBXGroup;
			children = (
				3B2461FB28EF9438000E62EE /* macOS.entitlements */,
			);
			path = macOS;
			sourceTree = "<group>";
		};
/* End PBXGroup section */

/* Begin PBXNativeTarget section */
		3B2461F228EF9438000E62EE /* trafficLight (iOS) */ = {
			isa = PBXNativeTarget;
			buildConfigurationList = 3B24620428EF9438000E62EE /* Build configuration list for PBXNativeTarget "trafficLight (iOS)" */;
			buildPhases = (
				3B2461EF28EF9438000E62EE /* Sources */,
				3B2461F028EF9438000E62EE /* Frameworks */,
				3B2461F128EF9438000E62EE /* Resources */,
			);
			buildRules = (
			);
			dependencies = (
			);
			name = "trafficLight (iOS)";
			productName = "trafficLight (iOS)";
			productReference = 3B2461F328EF9438000E62EE /* trafficLight.app */;
			productType = "com.apple.product-type.application";
		};
		3B2461F828EF9438000E62EE /* trafficLight (macOS) */ = {
			isa = PBXNativeTarget;
			buildConfigurationList = 3B24620728EF9438000E62EE /* Build configuration list for PBXNativeTarget "trafficLight (macOS)" */;
			buildPhases = (
				3B2461F528EF9438000E62EE /* Sources */,
				3B2461F628EF9438000E62EE /* Frameworks */,
				3B2461F728EF9438000E62EE /* Resources */,
			);
			buildRules = (
			);
			dependencies = (
			);
			name = "trafficLight (macOS)";
			productName = "trafficLight (macOS)";
			productReference = 3B2461F928EF9438000E62EE /* trafficLight.app */;
			productType = "com.apple.product-type.application";
		};
/* End PBXNativeTarget section */

/* Begin PBXProject section */
		3B2461E728EF9435000E62EE /* Project object */ = {
			isa = PBXProject;
			attributes = {
				BuildIndependentTargetsInParallel = 1;
				LastSwiftUpdateCheck = 1340;
				LastUpgradeCheck = 1340;
				TargetAttributes = {
					3B2461F228EF9438000E62EE = {
						CreatedOnToolsVersion = 13.4.1;
					};
					3B2461F828EF9438000E62EE = {
						CreatedOnToolsVersion = 13.4.1;
					};
				};
			};
			buildConfigurationList = 3B2461EA28EF9435000E62EE /* Build configuration list for PBXProject "trafficLight" */;
			compatibilityVersion = "Xcode 13.0";
			developmentRegion = en;
			hasScannedForEncodings = 0;
			knownRegions = (
				en,
				Base,
			);
			mainGroup = 3B2461E628EF9435000E62EE;
			productRefGroup = 3B2461F428EF9438000E62EE /* Products */;
			projectDirPath = "";
			projectRoot = "";
			targets = (
				3B2461F228EF9438000E62EE /* trafficLight (iOS) */,
				3B2461F828EF9438000E62EE /* trafficLight (macOS) */,
			);
		};
/* End PBXProject section */

/* Begin PBXResourcesBuildPhase section */
		3B2461F128EF9438000E62EE /* Resources */ = {
			isa = PBXResourcesBuildPhase;
			buildActionMask = 2147483647;
			files = (
				3B24620028EF9438000E62EE /* Assets.xcassets in Resources */,
			);
			runOnlyForDeploymentPostprocessing = 0;
		};
		3B2461F728EF9438000E62EE /* Resources */ = {
			isa = PBXResourcesBuildPhase;
			buildActionMask = 2147483647;
			files = (
				3B24620128EF9438000E62EE /* Assets.xcassets in Resources */,
			);
			runOnlyForDeploymentPostprocessing = 0;
		};
/* End PBXResourcesBuildPhase section */

/* Begin PBXSourcesBuildPhase section */
		3B2461EF28EF9438000E62EE /* Sources */ = {
			isa = PBXSourcesBuildPhase;
			buildActionMask = 2147483647;
			files = (
				3B2461FE28EF9438000E62EE /* ContentView.swift in Sources */,
				3B24620E28EF96D2000E62EE /* RedScreen.swift in Sources */,
				3B24620B28EF96BD000E62EE /* YellowScreen.swift in Sources */,
				3B2461FC28EF9438000E62EE /* trafficLightApp.swift in Sources */,
			);
			runOnlyForDeploymentPostprocessing = 0;
		};
		3B2461F528EF9438000E62EE /* Sources */ = {
			isa = PBXSourcesBuildPhase;
			buildActionMask = 2147483647;
			files = (
				3B2461FF28EF9438000E62EE /* ContentView.swift in Sources */,
				3B24620F28EF96D2000E62EE /* RedScreen.swift in Sources */,
				3B24620C28EF96BD000E62EE /* YellowScreen.swift in Sources */,
				3B2461FD28EF9438000E62EE /* trafficLightApp.swift in Sources */,
			);
			runOnlyForDeploymentPostprocessing = 0;
		};
/* End PBXSourcesBuildPhase section */

/* Begin XCBuildConfiguration section */
		3B24620228EF9438000E62EE /* Debug */ = {
			isa = XCBuildConfiguration;
			buildSettings = {
				ALWAYS_SEARCH_USER_PATHS = NO;
				CLANG_ANALYZER_NONNULL = YES;
				CLANG_ANALYZER_NUMBER_OBJECT_CONVERSION = YES_AGGRESSIVE;
				CLANG_CXX_LANGUAGE_STANDARD = "gnu++17";
				CLANG_ENABLE_MODULES = YES;
				CLANG_ENABLE_OBJC_ARC = YES;
				CLANG_ENABLE_OBJC_WEAK = YES;
				CLANG_WARN_BLOCK_CAPTURE_AUTORELEASING = YES;
				CLANG_WARN_BOOL_CONVERSION = YES;
				CLANG_WARN_COMMA = YES;
				CLANG_WARN_CONSTANT_CONVERSION = YES;
				CLANG_WARN_DEPRECATED_OBJC_IMPLEMENTATIONS = YES;
				CLANG_WARN_DIRECT_OBJC_ISA_USAGE = YES_ERROR;
				CLANG_WARN_DOCUMENTATION_COMMENTS = YES;
				CLANG_WARN_EMPTY_BODY = YES;
				CLANG_WARN_ENUM_CONVERSION = YES;
				CLANG_WARN_INFINITE_RECURSION = YES;
				CLANG_WARN_INT_CONVERSION = YES;
				CLANG_WARN_NON_LITERAL_NULL_CONVERSION = YES;
				CLANG_WARN_OBJC_IMPLICIT_RETAIN_SELF = YES;
				CLANG_WARN_OBJC_LITERAL_CONVERSION = YES;
				CLANG_WARN_OBJC_ROOT_CLASS = YES_ERROR;
				CLANG_WARN_QUOTED_INCLUDE_IN_FRAMEWORK_HEADER = YES;
				CLANG_WARN_RANGE_LOOP_ANALYSIS = YES;
				CLANG_WARN_STRICT_PROTOTYPES = YES;
				CLANG_WARN_SUSPICIOUS_MOVE = YES;
				CLANG_WARN_UNGUARDED_AVAILABILITY = YES_AGGRESSIVE;
				CLANG_WARN_UNREACHABLE_CODE = YES;
				CLANG_WARN__DUPLICATE_METHOD_MATCH = YES;
				COPY_PHASE_STRIP = NO;
				DEBUG_INFORMATION_FORMAT = dwarf;
				ENABLE_STRICT_OBJC_MSGSEND = YES;
				ENABLE_TESTABILITY = YES;
				GCC_C_LANGUAGE_STANDARD = gnu11;
				GCC_DYNAMIC_NO_PIC = NO;
				GCC_NO_COMMON_BLOCKS = YES;
				GCC_OPTIMIZATION_LEVEL = 0;
				GCC_PREPROCESSOR_DEFINITIONS = (
					"DEBUG=1",
					"$(inherited)",
				);
				GCC_WARN_64_TO_32_BIT_CONVERSION = YES;
				GCC_WARN_ABOUT_RETURN_TYPE = YES_ERROR;
				GCC_WARN_UNDECLARED_SELECTOR = YES;
				GCC_WARN_UNINITIALIZED_AUTOS = YES_AGGRESSIVE;
				GCC_WARN_UNUSED_FUNCTION = YES;
				GCC_WARN_UNUSED_VARIABLE = YES;
				MTL_ENABLE_DEBUG_INFO = INCLUDE_SOURCE;
				MTL_FAST_MATH = YES;
				ONLY_ACTIVE_ARCH = YES;
				SWIFT_ACTIVE_COMPILATION_CONDITIONS = DEBUG;
				SWIFT_OPTIMIZATION_LEVEL = "-Onone";
			};
			name = Debug;
		};
		3B24620328EF9438000E62EE /* Release */ = {
			isa = XCBuildConfiguration;
			buildSettings = {
				ALWAYS_SEARCH_USER_PATHS = NO;
				CLANG_ANALYZER_NONNULL = YES;
				CLANG_ANALYZER_NUMBER_OBJECT_CONVERSION = YES_AGGRESSIVE;
				CLANG_CXX_LANGUAGE_STANDARD = "gnu++17";
				CLANG_ENABLE_MODULES = YES;
				CLANG_ENABLE_OBJC_ARC = YES;
				CLANG_ENABLE_OBJC_WEAK = YES;
				CLANG_WARN_BLOCK_CAPTURE_AUTORELEASING = YES;
				CLANG_WARN_BOOL_CONVERSION = YES;
				CLANG_WARN_COMMA = YES;
				CLANG_WARN_CONSTANT_CONVERSION = YES;
				CLANG_WARN_DEPRECATED_OBJC_IMPLEMENTATIONS = YES;
				CLANG_WARN_DIRECT_OBJC_ISA_USAGE = YES_ERROR;
				CLANG_WARN_DOCUMENTATION_COMMENTS = YES;
				CLANG_WARN_EMPTY_BODY = YES;
				CLANG_WARN_ENUM_CONVERSION = YES;
				CLANG_WARN_INFINITE_RECURSION = YES;
				CLANG_WARN_INT_CONVERSION = YES;
				CLANG_WARN_NON_LITERAL_NULL_CONVERSION = YES;
				CLANG_WARN_OBJC_IMPLICIT_RETAIN_SELF = YES;
				CLANG_WARN_OBJC_LITERAL_CONVERSION = YES;
				CLANG_WARN_OBJC_ROOT_CLASS = YES_ERROR;
				CLANG_WARN_QUOTED_INCLUDE_IN_FRAMEWORK_HEADER = YES;
				CLANG_WARN_RANGE_LOOP_ANALYSIS = YES;
				CLANG_WARN_STRICT_PROTOTYPES = YES;
				CLANG_WARN_SUSPICIOUS_MOVE = YES;
				CLANG_WARN_UNGUARDED_AVAILABILITY = YES_AGGRESSIVE;
				CLANG_WARN_UNREACHABLE_CODE = YES;
				CLANG_WARN__DUPLICATE_METHOD_MATCH = YES;
				COPY_PHASE_STRIP = NO;
				DEBUG_INFORMATION_FORMAT = "dwarf-with-dsym";
				ENABLE_NS_ASSERTIONS = NO;
				ENABLE_STRICT_OBJC_MSGSEND = YES;
				GCC_C_LANGUAGE_STANDARD = gnu11;
				GCC_NO_COMMON_BLOCKS = YES;
				GCC_WARN_64_TO_32_BIT_CONVERSION = YES;
				GCC_WARN_ABOUT_RETURN_TYPE = YES_ERROR;
				GCC_WARN_UNDECLARED_SELECTOR = YES;
				GCC_WARN_UNINITIALIZED_AUTOS = YES_AGGRESSIVE;
				GCC_WARN_UNUSED_FUNCTION = YES;
				GCC_WARN_UNUSED_VARIABLE = YES;
				MTL_ENABLE_DEBUG_INFO = NO;
				MTL_FAST_MATH = YES;
				SWIFT_COMPILATION_MODE = wholemodule;
				SWIFT_OPTIMIZATION_LEVEL = "-O";
			};
			name = Release;
		};
		3B24620528EF9438000E62EE /* Debug */ = {
			isa = XCBuildConfiguration;
			buildSettings = {
				ASSETCATALOG_COMPILER_APPICON_NAME = AppIcon;
				ASSETCATALOG_COMPILER_GLOBAL_ACCENT_COLOR_NAME = AccentColor;
				CODE_SIGN_STYLE = Automatic;
				CURRENT_PROJECT_VERSION = 1;
				ENABLE_PREVIEWS = YES;
				GENERATE_INFOPLIST_FILE = YES;
				INFOPLIST_KEY_UIApplicationSceneManifest_Generation = YES;
				INFOPLIST_KEY_UIApplicationSupportsIndirectInputEvents = YES;
				INFOPLIST_KEY_UILaunchScreen_Generation = YES;
				INFOPLIST_KEY_UISupportedInterfaceOrientations_iPad = "UIInterfaceOrientationPortrait UIInterfaceOrientationPortraitUpsideDown UIInterfaceOrientationLandscapeLeft UIInterfaceOrientationLandscapeRight";
				INFOPLIST_KEY_UISupportedInterfaceOrientations_iPhone = "UIInterfaceOrientationPortrait UIInterfaceOrientationLandscapeLeft UIInterfaceOrientationLandscapeRight";
				IPHONEOS_DEPLOYMENT_TARGET = 15.5;
				LD_RUNPATH_SEARCH_PATHS = (
					"$(inherited)",
					"@executable_path/Frameworks",
				);
				MARKETING_VERSION = 1.0;
				PRODUCT_BUNDLE_IDENTIFIER = com.LinaMei.trafficLight;
				PRODUCT_NAME = trafficLight;
				SDKROOT = iphoneos;
				SWIFT_EMIT_LOC_STRINGS = YES;
				SWIFT_VERSION = 5.0;
				TARGETED_DEVICE_FAMILY = "1,2";
			};
			name = Debug;
		};
		3B24620628EF9438000E62EE /* Release */ = {
			isa = XCBuildConfiguration;
			buildSettings = {
				ASSETCATALOG_COMPILER_APPICON_NAME = AppIcon;
				ASSETCATALOG_COMPILER_GLOBAL_ACCENT_COLOR_NAME = AccentColor;
				CODE_SIGN_STYLE = Automatic;
				CURRENT_PROJECT_VERSION = 1;
				ENABLE_PREVIEWS = YES;
				GENERATE_INFOPLIST_FILE = YES;
				INFOPLIST_KEY_UIApplicationSceneManifest_Generation = YES;
				INFOPLIST_KEY_UIApplicationSupportsIndirectInputEvents = YES;
				INFOPLIST_KEY_UILaunchScreen_Generation = YES;
				INFOPLIST_KEY_UISupportedInterfaceOrientations_iPad = "UIInterfaceOrientationPortrait UIInterfaceOrientationPortraitUpsideDown UIInterfaceOrientationLandscapeLeft UIInterfaceOrientationLandscapeRight";
				INFOPLIST_KEY_UISupportedInterfaceOrientations_iPhone = "UIInterfaceOrientationPortrait UIInterfaceOrientationLandscapeLeft UIInterfaceOrientationLandscapeRight";
				IPHONEOS_DEPLOYMENT_TARGET = 15.5;
				LD_RUNPATH_SEARCH_PATHS = (
					"$(inherited)",
					"@executable_path/Frameworks",
				);
				MARKETING_VERSION = 1.0;
				PRODUCT_BUNDLE_IDENTIFIER = com.LinaMei.trafficLight;
				PRODUCT_NAME = trafficLight;
				SDKROOT = iphoneos;
				SWIFT_EMIT_LOC_STRINGS = YES;
				SWIFT_VERSION = 5.0;
				TARGETED_DEVICE_FAMILY = "1,2";
				VALIDATE_PRODUCT = YES;
			};
			name = Release;
		};
		3B24620828EF9438000E62EE /* Debug */ = {
			isa = XCBuildConfiguration;
			buildSettings = {
				ASSETCATALOG_COMPILER_APPICON_NAME = AppIcon;
				ASSETCATALOG_COMPILER_GLOBAL_ACCENT_COLOR_NAME = AccentColor;
				CODE_SIGN_ENTITLEMENTS = macOS/macOS.entitlements;
				CODE_SIGN_STYLE = Automatic;
				COMBINE_HIDPI_IMAGES = YES;
				CURRENT_PROJECT_VERSION = 1;
				ENABLE_PREVIEWS = YES;
				GENERATE_INFOPLIST_FILE = YES;
				INFOPLIST_KEY_NSHumanReadableCopyright = "";
				LD_RUNPATH_SEARCH_PATHS = (
					"$(inherited)",
					"@executable_path/../Frameworks",
				);
				MACOSX_DEPLOYMENT_TARGET = 12.3;
				MARKETING_VERSION = 1.0;
				PRODUCT_BUNDLE_IDENTIFIER = com.LinaMei.trafficLight;
				PRODUCT_NAME = trafficLight;
				SDKROOT = macosx;
				SWIFT_EMIT_LOC_STRINGS = YES;
				SWIFT_VERSION = 5.0;
			};
			name = Debug;
		};
		3B24620928EF9438000E62EE /* Release */ = {
			isa = XCBuildConfiguration;
			buildSettings = {
				ASSETCATALOG_COMPILER_APPICON_NAME = AppIcon;
				ASSETCATALOG_COMPILER_GLOBAL_ACCENT_COLOR_NAME = AccentColor;
				CODE_SIGN_ENTITLEMENTS = macOS/macOS.entitlements;
				CODE_SIGN_STYLE = Automatic;
				COMBINE_HIDPI_IMAGES = YES;
				CURRENT_PROJECT_VERSION = 1;
				ENABLE_PREVIEWS = YES;
				GENERATE_INFOPLIST_FILE = YES;
				INFOPLIST_KEY_NSHumanReadableCopyright = "";
				LD_RUNPATH_SEARCH_PATHS = (
					"$(inherited)",
					"@executable_path/../Frameworks",
				);
				MACOSX_DEPLOYMENT_TARGET = 12.3;
				MARKETING_VERSION = 1.0;
				PRODUCT_BUNDLE_IDENTIFIER = com.LinaMei.trafficLight;
				PRODUCT_NAME = trafficLight;
				SDKROOT = macosx;
				SWIFT_EMIT_LOC_STRINGS = YES;
				SWIFT_VERSION = 5.0;
			};
			name = Release;
		};
/* End XCBuildConfiguration section */

/* Begin XCConfigurationList section */
		3B2461EA28EF9435000E62EE /* Build configuration list for PBXProject "trafficLight" */ = {
			isa = XCConfigurationList;
			buildConfigurations = (
				3B24620228EF9438000E62EE /* Debug */,
				3B24620328EF9438000E62EE /* Release */,
			);
			defaultConfigurationIsVisible = 0;
			defaultConfigurationName = Release;
		};
		3B24620428EF9438000E62EE /* Build configuration list for PBXNativeTarget "trafficLight (iOS)" */ = {
			isa = XCConfigurationList;
			buildConfigurations = (
				3B24620528EF9438000E62EE /* Debug */,
				3B24620628EF9438000E62EE /* Release */,
			);
			defaultConfigurationIsVisible = 0;
			defaultConfigurationName = Release;
		};
		3B24620728EF9438000E62EE /* Build configuration list for PBXNativeTarget "trafficLight (macOS)" */ = {
			isa = XCConfigurationList;
			buildConfigurations = (
				3B24620828EF9438000E62EE /* Debug */,
				3B24620928EF9438000E62EE /* Release */,
			);
			defaultConfigurationIsVisible = 0;
			defaultConfigurationName = Release;
		};
/* End XCConfigurationList section */
	};
	rootObject = 3B2461E728EF9435000E62EE /* Project object */;
}
