// !$*UTF8*$!
{
	archiveVersion = 1;
	classes = {
	};
	objectVersion = 55;
	objects = {

/* Begin PBXBuildFile section */
		01850559292C642800601DC5 /* MainView.swift in Sources */ = {isa = PBXBuildFile; fileRef = 01850558292C642800601DC5 /* MainView.swift */; };
		01E119612907494400EF825E /* GoogleService-Info.plist in Resources */ = {isa = PBXBuildFile; fileRef = 01E119602907494300EF825E /* GoogleService-Info.plist */; };
		01E1197629074F7100EF825E /* ItemRepository.swift in Sources */ = {isa = PBXBuildFile; fileRef = 01E1197529074F7100EF825E /* ItemRepository.swift */; };
		01E1197A290752EC00EF825E /* ItemListViewModel.swift in Sources */ = {isa = PBXBuildFile; fileRef = 01E11979290752EC00EF825E /* ItemListViewModel.swift */; };
		3B16AC832943AD4C008CE17E /* GoogleSignIn in Frameworks */ = {isa = PBXBuildFile; productRef = 3B16AC822943AD4C008CE17E /* GoogleSignIn */; };
		3B16AC852943AD4C008CE17E /* GoogleSignInSwift in Frameworks */ = {isa = PBXBuildFile; productRef = 3B16AC842943AD4C008CE17E /* GoogleSignInSwift */; };
		3B16AC8B2943B33F008CE17E /* Application.swift in Sources */ = {isa = PBXBuildFile; fileRef = 3B16AC8A2943B33F008CE17E /* Application.swift */; };
		3B1FEF40292305EE009873ED /* ItemViewModel.swift in Sources */ = {isa = PBXBuildFile; fileRef = 3B1FEF3F292305EE009873ED /* ItemViewModel.swift */; };
		3B6F6E4D2900BF2000242495 /* FreshFridgeApp.swift in Sources */ = {isa = PBXBuildFile; fileRef = 3B6F6E4C2900BF2000242495 /* FreshFridgeApp.swift */; };
		3B6F6E4F2900BF2000242495 /* ContentView.swift in Sources */ = {isa = PBXBuildFile; fileRef = 3B6F6E4E2900BF2000242495 /* ContentView.swift */; };
		3B6F6E512900BF2100242495 /* Assets.xcassets in Resources */ = {isa = PBXBuildFile; fileRef = 3B6F6E502900BF2100242495 /* Assets.xcassets */; };
		3B6F6E542900BF2100242495 /* Preview Assets.xcassets in Resources */ = {isa = PBXBuildFile; fileRef = 3B6F6E532900BF2100242495 /* Preview Assets.xcassets */; };
		3B82EAF32943CDBC00DB0F59 /* SignUpViewModel.swift in Sources */ = {isa = PBXBuildFile; fileRef = 3B82EAF22943CDBC00DB0F59 /* SignUpViewModel.swift */; };
		3B8BF42029415F5200FAE85B /* FirebaseAuth in Frameworks */ = {isa = PBXBuildFile; productRef = 3B8BF41F29415F5200FAE85B /* FirebaseAuth */; };
		3B8BF42229415F5200FAE85B /* FirebaseAuthCombine-Community in Frameworks */ = {isa = PBXBuildFile; productRef = 3B8BF42129415F5200FAE85B /* FirebaseAuthCombine-Community */; };
		3B8BF42429415F5200FAE85B /* FirebaseDatabase in Frameworks */ = {isa = PBXBuildFile; productRef = 3B8BF42329415F5200FAE85B /* FirebaseDatabase */; };
		3B8BF42629415F5200FAE85B /* FirebaseDatabaseSwift in Frameworks */ = {isa = PBXBuildFile; productRef = 3B8BF42529415F5200FAE85B /* FirebaseDatabaseSwift */; };
		3B8BF42829415F5200FAE85B /* FirebaseFirestore in Frameworks */ = {isa = PBXBuildFile; productRef = 3B8BF42729415F5200FAE85B /* FirebaseFirestore */; };
		3B8BF42A29415F5200FAE85B /* FirebaseFirestoreCombine-Community in Frameworks */ = {isa = PBXBuildFile; productRef = 3B8BF42929415F5200FAE85B /* FirebaseFirestoreCombine-Community */; };
		3B8BF42C29415F5200FAE85B /* FirebaseFirestoreSwift in Frameworks */ = {isa = PBXBuildFile; productRef = 3B8BF42B29415F5200FAE85B /* FirebaseFirestoreSwift */; };
		3B8BF42E29415F5200FAE85B /* FirebaseStorage in Frameworks */ = {isa = PBXBuildFile; productRef = 3B8BF42D29415F5200FAE85B /* FirebaseStorage */; };
		3B8BF43029415F5200FAE85B /* FirebaseStorageCombine-Community in Frameworks */ = {isa = PBXBuildFile; productRef = 3B8BF42F29415F5200FAE85B /* FirebaseStorageCombine-Community */; };
		3B93C0102943A345009EC772 /* LoginScreen.swift in Sources */ = {isa = PBXBuildFile; fileRef = 3B93C00F2943A345009EC772 /* LoginScreen.swift */; };
		3BAEA49629387576005510E1 /* ExpDateFunct.swift in Sources */ = {isa = PBXBuildFile; fileRef = 3BAEA49529387576005510E1 /* ExpDateFunct.swift */; };
		3BAEA49A29387D92005510E1 /* AmountWastedScreen.swift in Sources */ = {isa = PBXBuildFile; fileRef = 3BAEA49929387D92005510E1 /* AmountWastedScreen.swift */; };
		3BC8D63F292598FB00A55011 /* InventoryItem.swift in Sources */ = {isa = PBXBuildFile; fileRef = 3BC8D63E292598FB00A55011 /* InventoryItem.swift */; };
		3BD0CA2429187CDD00489700 /* ProfileView.swift in Sources */ = {isa = PBXBuildFile; fileRef = 3BD0CA2329187CDD00489700 /* ProfileView.swift */; };
		3BD9B7B92939D9BB00A076E2 /* AlertInfo.swift in Sources */ = {isa = PBXBuildFile; fileRef = 3BD9B7B82939D9BB00A076E2 /* AlertInfo.swift */; };
		3BF33775292C422400AF0359 /* ItemView.swift in Sources */ = {isa = PBXBuildFile; fileRef = 3BF33774292C422400AF0359 /* ItemView.swift */; };
		3BF33777292C4EE600AF0359 /* InventoryItemListView.swift in Sources */ = {isa = PBXBuildFile; fileRef = 3BF33776292C4EE500AF0359 /* InventoryItemListView.swift */; };
		3BF3377B292C50A600AF0359 /* GroceryItemLabel.swift in Sources */ = {isa = PBXBuildFile; fileRef = 3BF3377A292C50A600AF0359 /* GroceryItemLabel.swift */; };
		3BF3377F292C514A00AF0359 /* NewInventoryItemForm.swift in Sources */ = {isa = PBXBuildFile; fileRef = 3BF3377E292C514A00AF0359 /* NewInventoryItemForm.swift */; };
		844A98662939995400AFB50C /* Launch Screen.storyboard in Resources */ = {isa = PBXBuildFile; fileRef = 844A98652939995400AFB50C /* Launch Screen.storyboard */; };
		849806D2293EA4FB003DEB37 /* Launch Screentwo.storyboard in Resources */ = {isa = PBXBuildFile; fileRef = 849806D1293EA4FB003DEB37 /* Launch Screentwo.storyboard */; };
		849806D4293EAA1F003DEB37 /* Launch Screenthree.storyboard in Resources */ = {isa = PBXBuildFile; fileRef = 849806D3293EAA1F003DEB37 /* Launch Screenthree.storyboard */; };
/* End PBXBuildFile section */

/* Begin PBXFileReference section */
		01850558292C642800601DC5 /* MainView.swift */ = {isa = PBXFileReference; lastKnownFileType = sourcecode.swift; path = MainView.swift; sourceTree = "<group>"; };
		01E119602907494300EF825E /* GoogleService-Info.plist */ = {isa = PBXFileReference; fileEncoding = 4; lastKnownFileType = text.plist.xml; path = "GoogleService-Info.plist"; sourceTree = "<group>"; };
		01E1197529074F7100EF825E /* ItemRepository.swift */ = {isa = PBXFileReference; lastKnownFileType = sourcecode.swift; path = ItemRepository.swift; sourceTree = "<group>"; };
		01E11979290752EC00EF825E /* ItemListViewModel.swift */ = {isa = PBXFileReference; lastKnownFileType = sourcecode.swift; path = ItemListViewModel.swift; sourceTree = "<group>"; };
		3B16AC802943AB2D008CE17E /* Info.plist */ = {isa = PBXFileReference; lastKnownFileType = text.plist; path = Info.plist; sourceTree = "<group>"; };
		3B16AC8A2943B33F008CE17E /* Application.swift */ = {isa = PBXFileReference; lastKnownFileType = sourcecode.swift; path = Application.swift; sourceTree = "<group>"; };
		3B1FEF3F292305EE009873ED /* ItemViewModel.swift */ = {isa = PBXFileReference; lastKnownFileType = sourcecode.swift; path = ItemViewModel.swift; sourceTree = "<group>"; };
		3B6F6E492900BF2000242495 /* FridgeView.app */ = {isa = PBXFileReference; explicitFileType = wrapper.application; includeInIndex = 0; path = FridgeView.app; sourceTree = BUILT_PRODUCTS_DIR; };
		3B6F6E4C2900BF2000242495 /* FreshFridgeApp.swift */ = {isa = PBXFileReference; lastKnownFileType = sourcecode.swift; path = FreshFridgeApp.swift; sourceTree = "<group>"; };
		3B6F6E4E2900BF2000242495 /* ContentView.swift */ = {isa = PBXFileReference; lastKnownFileType = sourcecode.swift; path = ContentView.swift; sourceTree = "<group>"; };
		3B6F6E502900BF2100242495 /* Assets.xcassets */ = {isa = PBXFileReference; lastKnownFileType = folder.assetcatalog; path = Assets.xcassets; sourceTree = "<group>"; };
		3B6F6E532900BF2100242495 /* Preview Assets.xcassets */ = {isa = PBXFileReference; lastKnownFileType = folder.assetcatalog; path = "Preview Assets.xcassets"; sourceTree = "<group>"; };
		3B82EAF22943CDBC00DB0F59 /* SignUpViewModel.swift */ = {isa = PBXFileReference; lastKnownFileType = sourcecode.swift; path = SignUpViewModel.swift; sourceTree = "<group>"; };
		3B93C00F2943A345009EC772 /* LoginScreen.swift */ = {isa = PBXFileReference; lastKnownFileType = sourcecode.swift; path = LoginScreen.swift; sourceTree = "<group>"; };
		3BAEA49529387576005510E1 /* ExpDateFunct.swift */ = {isa = PBXFileReference; lastKnownFileType = sourcecode.swift; path = ExpDateFunct.swift; sourceTree = "<group>"; };
		3BAEA49929387D92005510E1 /* AmountWastedScreen.swift */ = {isa = PBXFileReference; lastKnownFileType = sourcecode.swift; path = AmountWastedScreen.swift; sourceTree = "<group>"; };
		3BC8D63E292598FB00A55011 /* InventoryItem.swift */ = {isa = PBXFileReference; lastKnownFileType = sourcecode.swift; path = InventoryItem.swift; sourceTree = "<group>"; };
		3BD0CA2329187CDD00489700 /* ProfileView.swift */ = {isa = PBXFileReference; lastKnownFileType = sourcecode.swift; path = ProfileView.swift; sourceTree = "<group>"; };
		3BD9B7B82939D9BB00A076E2 /* AlertInfo.swift */ = {isa = PBXFileReference; lastKnownFileType = sourcecode.swift; path = AlertInfo.swift; sourceTree = "<group>"; };
		3BF33774292C422400AF0359 /* ItemView.swift */ = {isa = PBXFileReference; lastKnownFileType = sourcecode.swift; path = ItemView.swift; sourceTree = "<group>"; };
		3BF33776292C4EE500AF0359 /* InventoryItemListView.swift */ = {isa = PBXFileReference; fileEncoding = 4; lastKnownFileType = sourcecode.swift; path = InventoryItemListView.swift; sourceTree = "<group>"; };
		3BF3377A292C50A600AF0359 /* GroceryItemLabel.swift */ = {isa = PBXFileReference; fileEncoding = 4; lastKnownFileType = sourcecode.swift; path = GroceryItemLabel.swift; sourceTree = "<group>"; };
		3BF3377E292C514A00AF0359 /* NewInventoryItemForm.swift */ = {isa = PBXFileReference; fileEncoding = 4; lastKnownFileType = sourcecode.swift; path = NewInventoryItemForm.swift; sourceTree = "<group>"; };
		844A98652939995400AFB50C /* Launch Screen.storyboard */ = {isa = PBXFileReference; lastKnownFileType = file.storyboard; path = "Launch Screen.storyboard"; sourceTree = "<group>"; };
		849806D1293EA4FB003DEB37 /* Launch Screentwo.storyboard */ = {isa = PBXFileReference; lastKnownFileType = file.storyboard; path = "Launch Screentwo.storyboard"; sourceTree = "<group>"; };
		849806D3293EAA1F003DEB37 /* Launch Screenthree.storyboard */ = {isa = PBXFileReference; lastKnownFileType = file.storyboard; path = "Launch Screenthree.storyboard"; sourceTree = "<group>"; };
/* End PBXFileReference section */

/* Begin PBXFrameworksBuildPhase section */
		3B6F6E462900BF2000242495 /* Frameworks */ = {
			isa = PBXFrameworksBuildPhase;
			buildActionMask = 2147483647;
			files = (
				3B8BF42629415F5200FAE85B /* FirebaseDatabaseSwift in Frameworks */,
				3B8BF42429415F5200FAE85B /* FirebaseDatabase in Frameworks */,
				3B8BF42029415F5200FAE85B /* FirebaseAuth in Frameworks */,
				3B8BF42C29415F5200FAE85B /* FirebaseFirestoreSwift in Frameworks */,
				3B8BF42A29415F5200FAE85B /* FirebaseFirestoreCombine-Community in Frameworks */,
				3B16AC832943AD4C008CE17E /* GoogleSignIn in Frameworks */,
				3B8BF42E29415F5200FAE85B /* FirebaseStorage in Frameworks */,
				3B8BF42829415F5200FAE85B /* FirebaseFirestore in Frameworks */,
				3B8BF43029415F5200FAE85B /* FirebaseStorageCombine-Community in Frameworks */,
				3B8BF42229415F5200FAE85B /* FirebaseAuthCombine-Community in Frameworks */,
				3B16AC852943AD4C008CE17E /* GoogleSignInSwift in Frameworks */,
			);
			runOnlyForDeploymentPostprocessing = 0;
		};
/* End PBXFrameworksBuildPhase section */

/* Begin PBXGroup section */
		3B16AC7D2943A8C6008CE17E /* Launch Screens */ = {
			isa = PBXGroup;
			children = (
				844A98652939995400AFB50C /* Launch Screen.storyboard */,
				849806D1293EA4FB003DEB37 /* Launch Screentwo.storyboard */,
				849806D3293EAA1F003DEB37 /* Launch Screenthree.storyboard */,
			);
			path = "Launch Screens";
			sourceTree = "<group>";
		};
		3B16AC8C2943B4DB008CE17E /* Auth */ = {
			isa = PBXGroup;
			children = (
				3B93C00F2943A345009EC772 /* LoginScreen.swift */,
				3B82EAF22943CDBC00DB0F59 /* SignUpViewModel.swift */,
				3B16AC8A2943B33F008CE17E /* Application.swift */,
			);
			path = Auth;
			sourceTree = "<group>";
		};
		3B6F6E402900BF2000242495 = {
			isa = PBXGroup;
			children = (
				3B6F6E4B2900BF2000242495 /* FreshFridge */,
				3B6F6E4A2900BF2000242495 /* Products */,
			);
			sourceTree = "<group>";
		};
		3B6F6E4A2900BF2000242495 /* Products */ = {
			isa = PBXGroup;
			children = (
				3B6F6E492900BF2000242495 /* FridgeView.app */,
			);
			name = Products;
			sourceTree = "<group>";
		};
		3B6F6E4B2900BF2000242495 /* FreshFridge */ = {
			isa = PBXGroup;
			children = (
				3B16AC802943AB2D008CE17E /* Info.plist */,
				3BC8D63E292598FB00A55011 /* InventoryItem.swift */,
				01E1197529074F7100EF825E /* ItemRepository.swift */,
				3B6F6E4C2900BF2000242495 /* FreshFridgeApp.swift */,
				3BAEA49529387576005510E1 /* ExpDateFunct.swift */,
				3B16AC8C2943B4DB008CE17E /* Auth */,
				3BD9B7BA2939DFC200A076E2 /* Modifiers */,
				3BC8D639292584ED00A55011 /* Models */,
				3BC8D638292584C700A55011 /* Views */,
				3B16AC7D2943A8C6008CE17E /* Launch Screens */,
				3B6F6E502900BF2100242495 /* Assets.xcassets */,
				01E119602907494300EF825E /* GoogleService-Info.plist */,
				3B6F6E522900BF2100242495 /* Preview Content */,
			);
			path = FreshFridge;
			sourceTree = "<group>";
		};
		3B6F6E522900BF2100242495 /* Preview Content */ = {
			isa = PBXGroup;
			children = (
				3B6F6E532900BF2100242495 /* Preview Assets.xcassets */,
			);
			path = "Preview Content";
			sourceTree = "<group>";
		};
		3BC8D638292584C700A55011 /* Views */ = {
			isa = PBXGroup;
			children = (
				01850558292C642800601DC5 /* MainView.swift */,
				3BAEA49929387D92005510E1 /* AmountWastedScreen.swift */,
				3BF3377E292C514A00AF0359 /* NewInventoryItemForm.swift */,
				3BF33776292C4EE500AF0359 /* InventoryItemListView.swift */,
				3B6F6E4E2900BF2000242495 /* ContentView.swift */,
				3BF33774292C422400AF0359 /* ItemView.swift */,
				3BD0CA2329187CDD00489700 /* ProfileView.swift */,
			);
			path = Views;
			sourceTree = "<group>";
		};
		3BC8D639292584ED00A55011 /* Models */ = {
			isa = PBXGroup;
			children = (
				01E11979290752EC00EF825E /* ItemListViewModel.swift */,
				3B1FEF3F292305EE009873ED /* ItemViewModel.swift */,
			);
			path = Models;
			sourceTree = "<group>";
		};
		3BD9B7BA2939DFC200A076E2 /* Modifiers */ = {
			isa = PBXGroup;
			children = (
				3BF3377A292C50A600AF0359 /* GroceryItemLabel.swift */,
				3BD9B7B82939D9BB00A076E2 /* AlertInfo.swift */,
			);
			path = Modifiers;
			sourceTree = "<group>";
		};
/* End PBXGroup section */

/* Begin PBXNativeTarget section */
		3B6F6E482900BF2000242495 /* FreshFridge */ = {
			isa = PBXNativeTarget;
			buildConfigurationList = 3B6F6E5C2900BF2100242495 /* Build configuration list for PBXNativeTarget "FreshFridge" */;
			buildPhases = (
				3B6F6E452900BF2000242495 /* Sources */,
				3B6F6E462900BF2000242495 /* Frameworks */,
				3B6F6E472900BF2000242495 /* Resources */,
			);
			buildRules = (
			);
			dependencies = (
			);
			name = FreshFridge;
			packageProductDependencies = (
				3B8BF41F29415F5200FAE85B /* FirebaseAuth */,
				3B8BF42129415F5200FAE85B /* FirebaseAuthCombine-Community */,
				3B8BF42329415F5200FAE85B /* FirebaseDatabase */,
				3B8BF42529415F5200FAE85B /* FirebaseDatabaseSwift */,
				3B8BF42729415F5200FAE85B /* FirebaseFirestore */,
				3B8BF42929415F5200FAE85B /* FirebaseFirestoreCombine-Community */,
				3B8BF42B29415F5200FAE85B /* FirebaseFirestoreSwift */,
				3B8BF42D29415F5200FAE85B /* FirebaseStorage */,
				3B8BF42F29415F5200FAE85B /* FirebaseStorageCombine-Community */,
				3B16AC822943AD4C008CE17E /* GoogleSignIn */,
				3B16AC842943AD4C008CE17E /* GoogleSignInSwift */,
			);
			productName = FreshFridge;
			productReference = 3B6F6E492900BF2000242495 /* FridgeView.app */;
			productType = "com.apple.product-type.application";
		};
/* End PBXNativeTarget section */

/* Begin PBXProject section */
		3B6F6E412900BF2000242495 /* Project object */ = {
			isa = PBXProject;
			attributes = {
				BuildIndependentTargetsInParallel = 1;
				LastSwiftUpdateCheck = 1340;
				LastUpgradeCheck = 1340;
				TargetAttributes = {
					3B6F6E482900BF2000242495 = {
						CreatedOnToolsVersion = 13.4.1;
					};
				};
			};
			buildConfigurationList = 3B6F6E442900BF2000242495 /* Build configuration list for PBXProject "FreshFridge" */;
			compatibilityVersion = "Xcode 13.0";
			developmentRegion = en;
			hasScannedForEncodings = 0;
			knownRegions = (
				en,
				Base,
			);
			mainGroup = 3B6F6E402900BF2000242495;
			packageReferences = (
				3B8BF41E29415F5200FAE85B /* XCRemoteSwiftPackageReference "firebase-ios-sdk" */,
				3B16AC812943AD4C008CE17E /* XCRemoteSwiftPackageReference "GoogleSignIn-iOS" */,
			);
			productRefGroup = 3B6F6E4A2900BF2000242495 /* Products */;
			projectDirPath = "";
			projectRoot = "";
			targets = (
				3B6F6E482900BF2000242495 /* FreshFridge */,
			);
		};
/* End PBXProject section */

/* Begin PBXResourcesBuildPhase section */
		3B6F6E472900BF2000242495 /* Resources */ = {
			isa = PBXResourcesBuildPhase;
			buildActionMask = 2147483647;
			files = (
				3B6F6E542900BF2100242495 /* Preview Assets.xcassets in Resources */,
				3B6F6E512900BF2100242495 /* Assets.xcassets in Resources */,
				844A98662939995400AFB50C /* Launch Screen.storyboard in Resources */,
				849806D4293EAA1F003DEB37 /* Launch Screenthree.storyboard in Resources */,
				849806D2293EA4FB003DEB37 /* Launch Screentwo.storyboard in Resources */,
				01E119612907494400EF825E /* GoogleService-Info.plist in Resources */,
			);
			runOnlyForDeploymentPostprocessing = 0;
		};
/* End PBXResourcesBuildPhase section */

/* Begin PBXSourcesBuildPhase section */
		3B6F6E452900BF2000242495 /* Sources */ = {
			isa = PBXSourcesBuildPhase;
			buildActionMask = 2147483647;
			files = (
				3B16AC8B2943B33F008CE17E /* Application.swift in Sources */,
				3BF3377F292C514A00AF0359 /* NewInventoryItemForm.swift in Sources */,
				3B82EAF32943CDBC00DB0F59 /* SignUpViewModel.swift in Sources */,
				3B6F6E4F2900BF2000242495 /* ContentView.swift in Sources */,
				3B1FEF40292305EE009873ED /* ItemViewModel.swift in Sources */,
				3B6F6E4D2900BF2000242495 /* FreshFridgeApp.swift in Sources */,
				3BF33775292C422400AF0359 /* ItemView.swift in Sources */,
				3B93C0102943A345009EC772 /* LoginScreen.swift in Sources */,
				3BF33777292C4EE600AF0359 /* InventoryItemListView.swift in Sources */,
				01850559292C642800601DC5 /* MainView.swift in Sources */,
				3BC8D63F292598FB00A55011 /* InventoryItem.swift in Sources */,
				01E1197A290752EC00EF825E /* ItemListViewModel.swift in Sources */,
				3BF3377B292C50A600AF0359 /* GroceryItemLabel.swift in Sources */,
				3BAEA49629387576005510E1 /* ExpDateFunct.swift in Sources */,
				3BD9B7B92939D9BB00A076E2 /* AlertInfo.swift in Sources */,
				3BD0CA2429187CDD00489700 /* ProfileView.swift in Sources */,
				01E1197629074F7100EF825E /* ItemRepository.swift in Sources */,
				3BAEA49A29387D92005510E1 /* AmountWastedScreen.swift in Sources */,
			);
			runOnlyForDeploymentPostprocessing = 0;
		};
/* End PBXSourcesBuildPhase section */

/* Begin XCBuildConfiguration section */
		3B6F6E5A2900BF2100242495 /* Debug */ = {
			isa = XCBuildConfiguration;
			buildSettings = {
				ALWAYS_SEARCH_USER_PATHS = NO;
				CLANG_ANALYZER_NONNULL = YES;
				CLANG_ANALYZER_NUMBER_OBJECT_CONVERSION = YES_AGGRESSIVE;
				CLANG_CXX_LANGUAGE_STANDARD = "gnu++17";
				CLANG_ENABLE_MODULES = YES;
				CLANG_ENABLE_OBJC_ARC = YES;
				CLANG_ENABLE_OBJC_WEAK = YES;
				CLANG_WARN_BLOCK_CAPTURE_AUTORELEASING = YES;
				CLANG_WARN_BOOL_CONVERSION = YES;
				CLANG_WARN_COMMA = YES;
				CLANG_WARN_CONSTANT_CONVERSION = YES;
				CLANG_WARN_DEPRECATED_OBJC_IMPLEMENTATIONS = YES;
				CLANG_WARN_DIRECT_OBJC_ISA_USAGE = YES_ERROR;
				CLANG_WARN_DOCUMENTATION_COMMENTS = YES;
				CLANG_WARN_EMPTY_BODY = YES;
				CLANG_WARN_ENUM_CONVERSION = YES;
				CLANG_WARN_INFINITE_RECURSION = YES;
				CLANG_WARN_INT_CONVERSION = YES;
				CLANG_WARN_NON_LITERAL_NULL_CONVERSION = YES;
				CLANG_WARN_OBJC_IMPLICIT_RETAIN_SELF = YES;
				CLANG_WARN_OBJC_LITERAL_CONVERSION = YES;
				CLANG_WARN_OBJC_ROOT_CLASS = YES_ERROR;
				CLANG_WARN_QUOTED_INCLUDE_IN_FRAMEWORK_HEADER = YES;
				CLANG_WARN_RANGE_LOOP_ANALYSIS = YES;
				CLANG_WARN_STRICT_PROTOTYPES = YES;
				CLANG_WARN_SUSPICIOUS_MOVE = YES;
				CLANG_WARN_UNGUARDED_AVAILABILITY = YES_AGGRESSIVE;
				CLANG_WARN_UNREACHABLE_CODE = YES;
				CLANG_WARN__DUPLICATE_METHOD_MATCH = YES;
				COPY_PHASE_STRIP = NO;
				DEBUG_INFORMATION_FORMAT = dwarf;
				ENABLE_STRICT_OBJC_MSGSEND = YES;
				ENABLE_TESTABILITY = YES;
				GCC_C_LANGUAGE_STANDARD = gnu11;
				GCC_DYNAMIC_NO_PIC = NO;
				GCC_NO_COMMON_BLOCKS = YES;
				GCC_OPTIMIZATION_LEVEL = 0;
				GCC_PREPROCESSOR_DEFINITIONS = (
					"DEBUG=1",
					"$(inherited)",
				);
				GCC_WARN_64_TO_32_BIT_CONVERSION = YES;
				GCC_WARN_ABOUT_RETURN_TYPE = YES_ERROR;
				GCC_WARN_UNDECLARED_SELECTOR = YES;
				GCC_WARN_UNINITIALIZED_AUTOS = YES_AGGRESSIVE;
				GCC_WARN_UNUSED_FUNCTION = YES;
				GCC_WARN_UNUSED_VARIABLE = YES;
				IPHONEOS_DEPLOYMENT_TARGET = 15.5;
				MTL_ENABLE_DEBUG_INFO = INCLUDE_SOURCE;
				MTL_FAST_MATH = YES;
				ONLY_ACTIVE_ARCH = YES;
				SDKROOT = iphoneos;
				SWIFT_ACTIVE_COMPILATION_CONDITIONS = DEBUG;
				SWIFT_OPTIMIZATION_LEVEL = "-Onone";
			};
			name = Debug;
		};
		3B6F6E5B2900BF2100242495 /* Release */ = {
			isa = XCBuildConfiguration;
			buildSettings = {
				ALWAYS_SEARCH_USER_PATHS = NO;
				CLANG_ANALYZER_NONNULL = YES;
				CLANG_ANALYZER_NUMBER_OBJECT_CONVERSION = YES_AGGRESSIVE;
				CLANG_CXX_LANGUAGE_STANDARD = "gnu++17";
				CLANG_ENABLE_MODULES = YES;
				CLANG_ENABLE_OBJC_ARC = YES;
				CLANG_ENABLE_OBJC_WEAK = YES;
				CLANG_WARN_BLOCK_CAPTURE_AUTORELEASING = YES;
				CLANG_WARN_BOOL_CONVERSION = YES;
				CLANG_WARN_COMMA = YES;
				CLANG_WARN_CONSTANT_CONVERSION = YES;
				CLANG_WARN_DEPRECATED_OBJC_IMPLEMENTATIONS = YES;
				CLANG_WARN_DIRECT_OBJC_ISA_USAGE = YES_ERROR;
				CLANG_WARN_DOCUMENTATION_COMMENTS = YES;
				CLANG_WARN_EMPTY_BODY = YES;
				CLANG_WARN_ENUM_CONVERSION = YES;
				CLANG_WARN_INFINITE_RECURSION = YES;
				CLANG_WARN_INT_CONVERSION = YES;
				CLANG_WARN_NON_LITERAL_NULL_CONVERSION = YES;
				CLANG_WARN_OBJC_IMPLICIT_RETAIN_SELF = YES;
				CLANG_WARN_OBJC_LITERAL_CONVERSION = YES;
				CLANG_WARN_OBJC_ROOT_CLASS = YES_ERROR;
				CLANG_WARN_QUOTED_INCLUDE_IN_FRAMEWORK_HEADER = YES;
				CLANG_WARN_RANGE_LOOP_ANALYSIS = YES;
				CLANG_WARN_STRICT_PROTOTYPES = YES;
				CLANG_WARN_SUSPICIOUS_MOVE = YES;
				CLANG_WARN_UNGUARDED_AVAILABILITY = YES_AGGRESSIVE;
				CLANG_WARN_UNREACHABLE_CODE = YES;
				CLANG_WARN__DUPLICATE_METHOD_MATCH = YES;
				COPY_PHASE_STRIP = NO;
				DEBUG_INFORMATION_FORMAT = "dwarf-with-dsym";
				ENABLE_NS_ASSERTIONS = NO;
				ENABLE_STRICT_OBJC_MSGSEND = YES;
				GCC_C_LANGUAGE_STANDARD = gnu11;
				GCC_NO_COMMON_BLOCKS = YES;
				GCC_WARN_64_TO_32_BIT_CONVERSION = YES;
				GCC_WARN_ABOUT_RETURN_TYPE = YES_ERROR;
				GCC_WARN_UNDECLARED_SELECTOR = YES;
				GCC_WARN_UNINITIALIZED_AUTOS = YES_AGGRESSIVE;
				GCC_WARN_UNUSED_FUNCTION = YES;
				GCC_WARN_UNUSED_VARIABLE = YES;
				IPHONEOS_DEPLOYMENT_TARGET = 15.5;
				MTL_ENABLE_DEBUG_INFO = NO;
				MTL_FAST_MATH = YES;
				SDKROOT = iphoneos;
				SWIFT_COMPILATION_MODE = wholemodule;
				SWIFT_OPTIMIZATION_LEVEL = "-O";
				VALIDATE_PRODUCT = YES;
			};
			name = Release;
		};
		3B6F6E5D2900BF2100242495 /* Debug */ = {
			isa = XCBuildConfiguration;
			buildSettings = {
				ASSETCATALOG_COMPILER_APPICON_NAME = AppIcon;
				ASSETCATALOG_COMPILER_GLOBAL_ACCENT_COLOR_NAME = AccentColor;
				CODE_SIGN_STYLE = Automatic;
				CURRENT_PROJECT_VERSION = 1;
				DEVELOPMENT_ASSET_PATHS = "\"FreshFridge/Preview Content\"";
				DEVELOPMENT_TEAM = 64X46M5SHC;
				ENABLE_PREVIEWS = YES;
				GENERATE_INFOPLIST_FILE = YES;
				INFOPLIST_FILE = FreshFridge/Info.plist;
				INFOPLIST_KEY_UIApplicationSceneManifest_Generation = YES;
				INFOPLIST_KEY_UIApplicationSupportsIndirectInputEvents = YES;
				INFOPLIST_KEY_UILaunchScreen_Generation = YES;
				INFOPLIST_KEY_UILaunchStoryboardName = "Launch Screentwo.storyboard";
				INFOPLIST_KEY_UISupportedInterfaceOrientations_iPad = "UIInterfaceOrientationPortrait UIInterfaceOrientationPortraitUpsideDown UIInterfaceOrientationLandscapeLeft UIInterfaceOrientationLandscapeRight";
				INFOPLIST_KEY_UISupportedInterfaceOrientations_iPhone = "UIInterfaceOrientationPortrait UIInterfaceOrientationLandscapeLeft UIInterfaceOrientationLandscapeRight";
				LD_RUNPATH_SEARCH_PATHS = (
					"$(inherited)",
					"@executable_path/Frameworks",
				);
				MARKETING_VERSION = 1.0;
				PRODUCT_BUNDLE_IDENTIFIER = com.LinaMei.FreshFridge;
				PRODUCT_NAME = FridgeView;
				SUPPORTED_PLATFORMS = "iphoneos iphonesimulator";
				SUPPORTS_MACCATALYST = NO;
				SUPPORTS_MAC_DESIGNED_FOR_IPHONE_IPAD = NO;
				SWIFT_EMIT_LOC_STRINGS = YES;
				SWIFT_VERSION = 5.0;
				TARGETED_DEVICE_FAMILY = 1;
			};
			name = Debug;
		};
		3B6F6E5E2900BF2100242495 /* Release */ = {
			isa = XCBuildConfiguration;
			buildSettings = {
				ASSETCATALOG_COMPILER_APPICON_NAME = AppIcon;
				ASSETCATALOG_COMPILER_GLOBAL_ACCENT_COLOR_NAME = AccentColor;
				CODE_SIGN_STYLE = Automatic;
				CURRENT_PROJECT_VERSION = 1;
				DEVELOPMENT_ASSET_PATHS = "\"FreshFridge/Preview Content\"";
				DEVELOPMENT_TEAM = 64X46M5SHC;
				ENABLE_PREVIEWS = YES;
				GENERATE_INFOPLIST_FILE = YES;
				INFOPLIST_FILE = FreshFridge/Info.plist;
				INFOPLIST_KEY_UIApplicationSceneManifest_Generation = YES;
				INFOPLIST_KEY_UIApplicationSupportsIndirectInputEvents = YES;
				INFOPLIST_KEY_UILaunchScreen_Generation = YES;
				INFOPLIST_KEY_UILaunchStoryboardName = "Launch Screentwo.storyboard";
				INFOPLIST_KEY_UISupportedInterfaceOrientations_iPad = "UIInterfaceOrientationPortrait UIInterfaceOrientationPortraitUpsideDown UIInterfaceOrientationLandscapeLeft UIInterfaceOrientationLandscapeRight";
				INFOPLIST_KEY_UISupportedInterfaceOrientations_iPhone = "UIInterfaceOrientationPortrait UIInterfaceOrientationLandscapeLeft UIInterfaceOrientationLandscapeRight";
				LD_RUNPATH_SEARCH_PATHS = (
					"$(inherited)",
					"@executable_path/Frameworks",
				);
				MARKETING_VERSION = 1.0;
				PRODUCT_BUNDLE_IDENTIFIER = com.LinaMei.FreshFridge;
				PRODUCT_NAME = FridgeView;
				SUPPORTED_PLATFORMS = "iphoneos iphonesimulator";
				SUPPORTS_MACCATALYST = NO;
				SUPPORTS_MAC_DESIGNED_FOR_IPHONE_IPAD = NO;
				SWIFT_EMIT_LOC_STRINGS = YES;
				SWIFT_VERSION = 5.0;
				TARGETED_DEVICE_FAMILY = 1;
			};
			name = Release;
		};
/* End XCBuildConfiguration section */

/* Begin XCConfigurationList section */
		3B6F6E442900BF2000242495 /* Build configuration list for PBXProject "FreshFridge" */ = {
			isa = XCConfigurationList;
			buildConfigurations = (
				3B6F6E5A2900BF2100242495 /* Debug */,
				3B6F6E5B2900BF2100242495 /* Release */,
			);
			defaultConfigurationIsVisible = 0;
			defaultConfigurationName = Release;
		};
		3B6F6E5C2900BF2100242495 /* Build configuration list for PBXNativeTarget "FreshFridge" */ = {
			isa = XCConfigurationList;
			buildConfigurations = (
				3B6F6E5D2900BF2100242495 /* Debug */,
				3B6F6E5E2900BF2100242495 /* Release */,
			);
			defaultConfigurationIsVisible = 0;
			defaultConfigurationName = Release;
		};
/* End XCConfigurationList section */

/* Begin XCRemoteSwiftPackageReference section */
		3B16AC812943AD4C008CE17E /* XCRemoteSwiftPackageReference "GoogleSignIn-iOS" */ = {
			isa = XCRemoteSwiftPackageReference;
			repositoryURL = "https://github.com/google/GoogleSignIn-iOS";
			requirement = {
				kind = upToNextMajorVersion;
				minimumVersion = 6.0.0;
			};
		};
		3B8BF41E29415F5200FAE85B /* XCRemoteSwiftPackageReference "firebase-ios-sdk" */ = {
			isa = XCRemoteSwiftPackageReference;
			repositoryURL = "https://github.com/firebase/firebase-ios-sdk";
			requirement = {
				branch = master;
				kind = branch;
			};
		};
/* End XCRemoteSwiftPackageReference section */

/* Begin XCSwiftPackageProductDependency section */
		3B16AC822943AD4C008CE17E /* GoogleSignIn */ = {
			isa = XCSwiftPackageProductDependency;
			package = 3B16AC812943AD4C008CE17E /* XCRemoteSwiftPackageReference "GoogleSignIn-iOS" */;
			productName = GoogleSignIn;
		};
		3B16AC842943AD4C008CE17E /* GoogleSignInSwift */ = {
			isa = XCSwiftPackageProductDependency;
			package = 3B16AC812943AD4C008CE17E /* XCRemoteSwiftPackageReference "GoogleSignIn-iOS" */;
			productName = GoogleSignInSwift;
		};
		3B8BF41F29415F5200FAE85B /* FirebaseAuth */ = {
			isa = XCSwiftPackageProductDependency;
			package = 3B8BF41E29415F5200FAE85B /* XCRemoteSwiftPackageReference "firebase-ios-sdk" */;
			productName = FirebaseAuth;
		};
		3B8BF42129415F5200FAE85B /* FirebaseAuthCombine-Community */ = {
			isa = XCSwiftPackageProductDependency;
			package = 3B8BF41E29415F5200FAE85B /* XCRemoteSwiftPackageReference "firebase-ios-sdk" */;
			productName = "FirebaseAuthCombine-Community";
		};
		3B8BF42329415F5200FAE85B /* FirebaseDatabase */ = {
			isa = XCSwiftPackageProductDependency;
			package = 3B8BF41E29415F5200FAE85B /* XCRemoteSwiftPackageReference "firebase-ios-sdk" */;
			productName = FirebaseDatabase;
		};
		3B8BF42529415F5200FAE85B /* FirebaseDatabaseSwift */ = {
			isa = XCSwiftPackageProductDependency;
			package = 3B8BF41E29415F5200FAE85B /* XCRemoteSwiftPackageReference "firebase-ios-sdk" */;
			productName = FirebaseDatabaseSwift;
		};
		3B8BF42729415F5200FAE85B /* FirebaseFirestore */ = {
			isa = XCSwiftPackageProductDependency;
			package = 3B8BF41E29415F5200FAE85B /* XCRemoteSwiftPackageReference "firebase-ios-sdk" */;
			productName = FirebaseFirestore;
		};
		3B8BF42929415F5200FAE85B /* FirebaseFirestoreCombine-Community */ = {
			isa = XCSwiftPackageProductDependency;
			package = 3B8BF41E29415F5200FAE85B /* XCRemoteSwiftPackageReference "firebase-ios-sdk" */;
			productName = "FirebaseFirestoreCombine-Community";
		};
		3B8BF42B29415F5200FAE85B /* FirebaseFirestoreSwift */ = {
			isa = XCSwiftPackageProductDependency;
			package = 3B8BF41E29415F5200FAE85B /* XCRemoteSwiftPackageReference "firebase-ios-sdk" */;
			productName = FirebaseFirestoreSwift;
		};
		3B8BF42D29415F5200FAE85B /* FirebaseStorage */ = {
			isa = XCSwiftPackageProductDependency;
			package = 3B8BF41E29415F5200FAE85B /* XCRemoteSwiftPackageReference "firebase-ios-sdk" */;
			productName = FirebaseStorage;
		};
		3B8BF42F29415F5200FAE85B /* FirebaseStorageCombine-Community */ = {
			isa = XCSwiftPackageProductDependency;
			package = 3B8BF41E29415F5200FAE85B /* XCRemoteSwiftPackageReference "firebase-ios-sdk" */;
			productName = "FirebaseStorageCombine-Community";
		};
/* End XCSwiftPackageProductDependency section */
	};
	rootObject = 3B6F6E412900BF2000242495 /* Project object */;
}
